// !$*UTF8*$!
{
	archiveVersion = 1;
	classes = {
	};
	objectVersion = 50;
	objects = {

/* Begin PBXBuildFile section */
		7D0662D2212EBDDD00AE090C /* AppDelegate.swift in Sources */ = {isa = PBXBuildFile; fileRef = 7D0662D1212EBDDD00AE090C /* AppDelegate.swift */; };
		7D0662D7212EBDDD00AE090C /* Main.storyboard in Resources */ = {isa = PBXBuildFile; fileRef = 7D0662D5212EBDDD00AE090C /* Main.storyboard */; };
		7D0662D9212EBDE000AE090C /* Assets.xcassets in Resources */ = {isa = PBXBuildFile; fileRef = 7D0662D8212EBDE000AE090C /* Assets.xcassets */; };
		7D0662DC212EBDE000AE090C /* LaunchScreen.storyboard in Resources */ = {isa = PBXBuildFile; fileRef = 7D0662DA212EBDE000AE090C /* LaunchScreen.storyboard */; };
		7D871437212F05D000181F84 /* GoogleService-Info.plist in Resources */ = {isa = PBXBuildFile; fileRef = 7D871436212F05D000181F84 /* GoogleService-Info.plist */; };
		7D8714392133CE1200181F84 /* SignUpViewController.swift in Sources */ = {isa = PBXBuildFile; fileRef = 7D8714382133CE1200181F84 /* SignUpViewController.swift */; };
		7D87143D2138B8C600181F84 /* pattern.png in Resources */ = {isa = PBXBuildFile; fileRef = 7D87143C2138B8C600181F84 /* pattern.png */; };
		7D8714412138C25D00181F84 /* blue_pattern.jpg in Resources */ = {isa = PBXBuildFile; fileRef = 7D8714402138C25D00181F84 /* blue_pattern.jpg */; };
		7D8714432138C86000181F84 /* white.jpg in Resources */ = {isa = PBXBuildFile; fileRef = 7D8714422138C86000181F84 /* white.jpg */; };
		7D8714452138CAD800181F84 /* color.png in Resources */ = {isa = PBXBuildFile; fileRef = 7D8714442138CAD800181F84 /* color.png */; };
		7D87144B2138CF3700181F84 /* b&w.jpg in Resources */ = {isa = PBXBuildFile; fileRef = 7D87144A2138CF3700181F84 /* b&w.jpg */; };
		7D87144D2138CFC400181F84 /* red_pattern.jpg in Resources */ = {isa = PBXBuildFile; fileRef = 7D87144C2138CFC400181F84 /* red_pattern.jpg */; };
		7D87145121394D9F00181F84 /* purple.jpg in Resources */ = {isa = PBXBuildFile; fileRef = 7D87145021394D9F00181F84 /* purple.jpg */; };
		7D8714532139749F00181F84 /* HomeViewController.swift in Sources */ = {isa = PBXBuildFile; fileRef = 7D8714522139749F00181F84 /* HomeViewController.swift */; };
		B4958DB0B4DC7378E7996921 /* Pods_MyApp.framework in Frameworks */ = {isa = PBXBuildFile; fileRef = 92927C8396BFB5F1492CFF77 /* Pods_MyApp.framework */; };
/* End PBXBuildFile section */

/* Begin PBXFileReference section */
		6FD3EC7217DCFCAEF3B69782 /* Pods-MyApp.debug.xcconfig */ = {isa = PBXFileReference; includeInIndex = 1; lastKnownFileType = text.xcconfig; name = "Pods-MyApp.debug.xcconfig"; path = "Pods/Target Support Files/Pods-MyApp/Pods-MyApp.debug.xcconfig"; sourceTree = "<group>"; };
		7D0662CE212EBDDD00AE090C /* MyApp.app */ = {isa = PBXFileReference; explicitFileType = wrapper.application; includeInIndex = 0; path = MyApp.app; sourceTree = BUILT_PRODUCTS_DIR; };
		7D0662D1212EBDDD00AE090C /* AppDelegate.swift */ = {isa = PBXFileReference; lastKnownFileType = sourcecode.swift; path = AppDelegate.swift; sourceTree = "<group>"; };
		7D0662D6212EBDDD00AE090C /* Base */ = {isa = PBXFileReference; lastKnownFileType = file.storyboard; name = Base; path = Base.lproj/Main.storyboard; sourceTree = "<group>"; };
		7D0662D8212EBDE000AE090C /* Assets.xcassets */ = {isa = PBXFileReference; lastKnownFileType = folder.assetcatalog; path = Assets.xcassets; sourceTree = "<group>"; };
		7D0662DB212EBDE000AE090C /* Base */ = {isa = PBXFileReference; lastKnownFileType = file.storyboard; name = Base; path = Base.lproj/LaunchScreen.storyboard; sourceTree = "<group>"; };
		7D0662DD212EBDE000AE090C /* Info.plist */ = {isa = PBXFileReference; lastKnownFileType = text.plist.xml; path = Info.plist; sourceTree = "<group>"; };
		7D871436212F05D000181F84 /* GoogleService-Info.plist */ = {isa = PBXFileReference; fileEncoding = 4; lastKnownFileType = text.plist.xml; path = "GoogleService-Info.plist"; sourceTree = "<group>"; };
		7D8714382133CE1200181F84 /* SignUpViewController.swift */ = {isa = PBXFileReference; lastKnownFileType = sourcecode.swift; path = SignUpViewController.swift; sourceTree = "<group>"; };
		7D87143C2138B8C600181F84 /* pattern.png */ = {isa = PBXFileReference; lastKnownFileType = image.png; path = pattern.png; sourceTree = "<group>"; };
		7D8714402138C25D00181F84 /* blue_pattern.jpg */ = {isa = PBXFileReference; lastKnownFileType = image.jpeg; path = blue_pattern.jpg; sourceTree = "<group>"; };
		7D8714422138C86000181F84 /* white.jpg */ = {isa = PBXFileReference; lastKnownFileType = image.jpeg; path = white.jpg; sourceTree = "<group>"; };
		7D8714442138CAD800181F84 /* color.png */ = {isa = PBXFileReference; lastKnownFileType = image.png; path = color.png; sourceTree = "<group>"; };
		7D87144A2138CF3700181F84 /* b&w.jpg */ = {isa = PBXFileReference; lastKnownFileType = image.jpeg; path = "b&w.jpg"; sourceTree = "<group>"; };
		7D87144C2138CFC400181F84 /* red_pattern.jpg */ = {isa = PBXFileReference; lastKnownFileType = image.jpeg; path = red_pattern.jpg; sourceTree = "<group>"; };
		7D87145021394D9F00181F84 /* purple.jpg */ = {isa = PBXFileReference; lastKnownFileType = image.jpeg; path = purple.jpg; sourceTree = "<group>"; };
		7D8714522139749F00181F84 /* HomeViewController.swift */ = {isa = PBXFileReference; lastKnownFileType = sourcecode.swift; path = HomeViewController.swift; sourceTree = "<group>"; };
		92927C8396BFB5F1492CFF77 /* Pods_MyApp.framework */ = {isa = PBXFileReference; explicitFileType = wrapper.framework; includeInIndex = 0; path = Pods_MyApp.framework; sourceTree = BUILT_PRODUCTS_DIR; };
		FA902B5636C3B36DD3449621 /* Pods-MyApp.release.xcconfig */ = {isa = PBXFileReference; includeInIndex = 1; lastKnownFileType = text.xcconfig; name = "Pods-MyApp.release.xcconfig"; path = "Pods/Target Support Files/Pods-MyApp/Pods-MyApp.release.xcconfig"; sourceTree = "<group>"; };
/* End PBXFileReference section */

/* Begin PBXFrameworksBuildPhase section */
		7D0662CB212EBDDD00AE090C /* Frameworks */ = {
			isa = PBXFrameworksBuildPhase;
			buildActionMask = 2147483647;
			files = (
				B4958DB0B4DC7378E7996921 /* Pods_MyApp.framework in Frameworks */,
			);
			runOnlyForDeploymentPostprocessing = 0;
		};
/* End PBXFrameworksBuildPhase section */

/* Begin PBXGroup section */
		2969F3CEEA79C2E5356CB0A6 /* Pods */ = {
			isa = PBXGroup;
			children = (
				6FD3EC7217DCFCAEF3B69782 /* Pods-MyApp.debug.xcconfig */,
				FA902B5636C3B36DD3449621 /* Pods-MyApp.release.xcconfig */,
			);
			name = Pods;
			sourceTree = "<group>";
		};
		7D0662C5212EBDDD00AE090C = {
			isa = PBXGroup;
			children = (
				7D871436212F05D000181F84 /* GoogleService-Info.plist */,
				7D0662D0212EBDDD00AE090C /* MyApp */,
				7D0662CF212EBDDD00AE090C /* Products */,
				2969F3CEEA79C2E5356CB0A6 /* Pods */,
				F59BB6AE62F72148657DD7DB /* Frameworks */,
			);
			sourceTree = "<group>";
		};
		7D0662CF212EBDDD00AE090C /* Products */ = {
			isa = PBXGroup;
			children = (
				7D0662CE212EBDDD00AE090C /* MyApp.app */,
			);
			name = Products;
			sourceTree = "<group>";
		};
		7D0662D0212EBDDD00AE090C /* MyApp */ = {
			isa = PBXGroup;
			children = (
				7D87145021394D9F00181F84 /* purple.jpg */,
				7D87144C2138CFC400181F84 /* red_pattern.jpg */,
				7D87144A2138CF3700181F84 /* b&w.jpg */,
				7D8714442138CAD800181F84 /* color.png */,
				7D8714422138C86000181F84 /* white.jpg */,
				7D8714402138C25D00181F84 /* blue_pattern.jpg */,
				7D87143C2138B8C600181F84 /* pattern.png */,
				7D0662D1212EBDDD00AE090C /* AppDelegate.swift */,
				7D0662D5212EBDDD00AE090C /* Main.storyboard */,
				7D8714522139749F00181F84 /* HomeViewController.swift */,
				7D8714382133CE1200181F84 /* SignUpViewController.swift */,
				7D0662D8212EBDE000AE090C /* Assets.xcassets */,
				7D0662DA212EBDE000AE090C /* LaunchScreen.storyboard */,
				7D0662DD212EBDE000AE090C /* Info.plist */,
			);
			path = MyApp;
			sourceTree = "<group>";
		};
		F59BB6AE62F72148657DD7DB /* Frameworks */ = {
			isa = PBXGroup;
			children = (
				92927C8396BFB5F1492CFF77 /* Pods_MyApp.framework */,
			);
			name = Frameworks;
			sourceTree = "<group>";
		};
/* End PBXGroup section */

/* Begin PBXNativeTarget section */
		7D0662CD212EBDDD00AE090C /* MyApp */ = {
			isa = PBXNativeTarget;
			buildConfigurationList = 7D0662E0212EBDE000AE090C /* Build configuration list for PBXNativeTarget "MyApp" */;
			buildPhases = (
				1ACFD2CD8F8CA562589B82B9 /* [CP] Check Pods Manifest.lock */,
				7D0662CA212EBDDD00AE090C /* Sources */,
				7D0662CB212EBDDD00AE090C /* Frameworks */,
				7D0662CC212EBDDD00AE090C /* Resources */,
				706218FEEEB88B2C0A94C305 /* [CP] Embed Pods Frameworks */,
			);
			buildRules = (
			);
			dependencies = (
			);
			name = MyApp;
			productName = MyApp;
			productReference = 7D0662CE212EBDDD00AE090C /* MyApp.app */;
			productType = "com.apple.product-type.application";
		};
/* End PBXNativeTarget section */

/* Begin PBXProject section */
		7D0662C6212EBDDD00AE090C /* Project object */ = {
			isa = PBXProject;
			attributes = {
				LastSwiftUpdateCheck = 0940;
				LastUpgradeCheck = 0940;
				ORGANIZATIONNAME = "Javid K";
				TargetAttributes = {
					7D0662CD212EBDDD00AE090C = {
						CreatedOnToolsVersion = 9.4.1;
					};
				};
			};
			buildConfigurationList = 7D0662C9212EBDDD00AE090C /* Build configuration list for PBXProject "MyApp" */;
			compatibilityVersion = "Xcode 9.3";
			developmentRegion = en;
			hasScannedForEncodings = 0;
			knownRegions = (
				en,
				Base,
			);
			mainGroup = 7D0662C5212EBDDD00AE090C;
			productRefGroup = 7D0662CF212EBDDD00AE090C /* Products */;
			projectDirPath = "";
			projectRoot = "";
			targets = (
				7D0662CD212EBDDD00AE090C /* MyApp */,
			);
		};
/* End PBXProject section */

/* Begin PBXResourcesBuildPhase section */
		7D0662CC212EBDDD00AE090C /* Resources */ = {
			isa = PBXResourcesBuildPhase;
			buildActionMask = 2147483647;
			files = (
				7D0662DC212EBDE000AE090C /* LaunchScreen.storyboard in Resources */,
				7D87145121394D9F00181F84 /* purple.jpg in Resources */,
				7D0662D9212EBDE000AE090C /* Assets.xcassets in Resources */,
				7D8714432138C86000181F84 /* white.jpg in Resources */,
				7D87143D2138B8C600181F84 /* pattern.png in Resources */,
				7D8714412138C25D00181F84 /* blue_pattern.jpg in Resources */,
				7D87144D2138CFC400181F84 /* red_pattern.jpg in Resources */,
				7D8714452138CAD800181F84 /* color.png in Resources */,
				7D871437212F05D000181F84 /* GoogleService-Info.plist in Resources */,
				7D87144B2138CF3700181F84 /* b&w.jpg in Resources */,
				7D0662D7212EBDDD00AE090C /* Main.storyboard in Resources */,
			);
			runOnlyForDeploymentPostprocessing = 0;
		};
/* End PBXResourcesBuildPhase section */

/* Begin PBXShellScriptBuildPhase section */
		1ACFD2CD8F8CA562589B82B9 /* [CP] Check Pods Manifest.lock */ = {
			isa = PBXShellScriptBuildPhase;
			buildActionMask = 2147483647;
			files = (
			);
			inputPaths = (
				"${PODS_PODFILE_DIR_PATH}/Podfile.lock",
				"${PODS_ROOT}/Manifest.lock",
			);
			name = "[CP] Check Pods Manifest.lock";
			outputPaths = (
				"$(DERIVED_FILE_DIR)/Pods-MyApp-checkManifestLockResult.txt",
			);
			runOnlyForDeploymentPostprocessing = 0;
			shellPath = /bin/sh;
			shellScript = "diff \"${PODS_PODFILE_DIR_PATH}/Podfile.lock\" \"${PODS_ROOT}/Manifest.lock\" > /dev/null\nif [ $? != 0 ] ; then\n    # print error to STDERR\n    echo \"error: The sandbox is not in sync with the Podfile.lock. Run 'pod install' or update your CocoaPods installation.\" >&2\n    exit 1\nfi\n# This output is used by Xcode 'outputs' to avoid re-running this script phase.\necho \"SUCCESS\" > \"${SCRIPT_OUTPUT_FILE_0}\"\n";
			showEnvVarsInLog = 0;
		};
		706218FEEEB88B2C0A94C305 /* [CP] Embed Pods Frameworks */ = {
			isa = PBXShellScriptBuildPhase;
			buildActionMask = 2147483647;
			files = (
			);
			inputPaths = (
				"${SRCROOT}/Pods/Target Support Files/Pods-MyApp/Pods-MyApp-frameworks.sh",
				"${BUILT_PRODUCTS_DIR}/GTMSessionFetcher/GTMSessionFetcher.framework",
				"${BUILT_PRODUCTS_DIR}/GoogleToolboxForMac/GoogleToolboxForMac.framework",
				"${BUILT_PRODUCTS_DIR}/SideMenu/SideMenu.framework",
				"${BUILT_PRODUCTS_DIR}/nanopb/nanopb.framework",
			);
			name = "[CP] Embed Pods Frameworks";
			outputPaths = (
				"${TARGET_BUILD_DIR}/${FRAMEWORKS_FOLDER_PATH}/GTMSessionFetcher.framework",
				"${TARGET_BUILD_DIR}/${FRAMEWORKS_FOLDER_PATH}/GoogleToolboxForMac.framework",
				"${TARGET_BUILD_DIR}/${FRAMEWORKS_FOLDER_PATH}/SideMenu.framework",
				"${TARGET_BUILD_DIR}/${FRAMEWORKS_FOLDER_PATH}/nanopb.framework",
			);
			runOnlyForDeploymentPostprocessing = 0;
			shellPath = /bin/sh;
			shellScript = "\"${SRCROOT}/Pods/Target Support Files/Pods-MyApp/Pods-MyApp-frameworks.sh\"\n";
			showEnvVarsInLog = 0;
		};
/* End PBXShellScriptBuildPhase section */

/* Begin PBXSourcesBuildPhase section */
		7D0662CA212EBDDD00AE090C /* Sources */ = {
			isa = PBXSourcesBuildPhase;
			buildActionMask = 2147483647;
			files = (
				7D8714392133CE1200181F84 /* SignUpViewController.swift in Sources */,
				7D0662D2212EBDDD00AE090C /* AppDelegate.swift in Sources */,
				7D8714532139749F00181F84 /* HomeViewController.swift in Sources */,
			);
			runOnlyForDeploymentPostprocessing = 0;
		};
/* End PBXSourcesBuildPhase section */

/* Begin PBXVariantGroup section */
		7D0662D5212EBDDD00AE090C /* Main.storyboard */ = {
			isa = PBXVariantGroup;
			children = (
				7D0662D6212EBDDD00AE090C /* Base */,
			);
			name = Main.storyboard;
			sourceTree = "<group>";
		};
		7D0662DA212EBDE000AE090C /* LaunchScreen.storyboard */ = {
			isa = PBXVariantGroup;
			children = (
				7D0662DB212EBDE000AE090C /* Base */,
			);
			name = LaunchScreen.storyboard;
			sourceTree = "<group>";
		};
/* End PBXVariantGroup section */

/* Begin XCBuildConfiguration section */
		7D0662DE212EBDE000AE090C /* Debug */ = {
			isa = XCBuildConfiguration;
			buildSettings = {
				ALWAYS_SEARCH_USER_PATHS = NO;
				CLANG_ANALYZER_NONNULL = YES;
				CLANG_ANALYZER_NUMBER_OBJECT_CONVERSION = YES_AGGRESSIVE;
				CLANG_CXX_LANGUAGE_STANDARD = "gnu++14";
				CLANG_CXX_LIBRARY = "libc++";
				CLANG_ENABLE_MODULES = YES;
				CLANG_ENABLE_OBJC_ARC = YES;
				CLANG_ENABLE_OBJC_WEAK = YES;
				CLANG_WARN_BLOCK_CAPTURE_AUTORELEASING = YES;
				CLANG_WARN_BOOL_CONVERSION = YES;
				CLANG_WARN_COMMA = YES;
				CLANG_WARN_CONSTANT_CONVERSION = YES;
				CLANG_WARN_DEPRECATED_OBJC_IMPLEMENTATIONS = YES;
				CLANG_WARN_DIRECT_OBJC_ISA_USAGE = YES_ERROR;
				CLANG_WARN_DOCUMENTATION_COMMENTS = YES;
				CLANG_WARN_EMPTY_BODY = YES;
				CLANG_WARN_ENUM_CONVERSION = YES;
				CLANG_WARN_INFINITE_RECURSION = YES;
				CLANG_WARN_INT_CONVERSION = YES;
				CLANG_WARN_NON_LITERAL_NULL_CONVERSION = YES;
				CLANG_WARN_OBJC_IMPLICIT_RETAIN_SELF = YES;
				CLANG_WARN_OBJC_LITERAL_CONVERSION = YES;
				CLANG_WARN_OBJC_ROOT_CLASS = YES_ERROR;
				CLANG_WARN_RANGE_LOOP_ANALYSIS = YES;
				CLANG_WARN_STRICT_PROTOTYPES = YES;
				CLANG_WARN_SUSPICIOUS_MOVE = YES;
				CLANG_WARN_UNGUARDED_AVAILABILITY = YES_AGGRESSIVE;
				CLANG_WARN_UNREACHABLE_CODE = YES;
				CLANG_WARN__DUPLICATE_METHOD_MATCH = YES;
				CODE_SIGN_IDENTITY = "iPhone Developer";
				COPY_PHASE_STRIP = NO;
				DEBUG_INFORMATION_FORMAT = dwarf;
				ENABLE_STRICT_OBJC_MSGSEND = YES;
				ENABLE_TESTABILITY = YES;
				GCC_C_LANGUAGE_STANDARD = gnu11;
				GCC_DYNAMIC_NO_PIC = NO;
				GCC_NO_COMMON_BLOCKS = YES;
				GCC_OPTIMIZATION_LEVEL = 0;
				GCC_PREPROCESSOR_DEFINITIONS = (
					"DEBUG=1",
					"$(inherited)",
				);
				GCC_WARN_64_TO_32_BIT_CONVERSION = YES;
				GCC_WARN_ABOUT_RETURN_TYPE = YES_ERROR;
				GCC_WARN_UNDECLARED_SELECTOR = YES;
				GCC_WARN_UNINITIALIZED_AUTOS = YES_AGGRESSIVE;
				GCC_WARN_UNUSED_FUNCTION = YES;
				GCC_WARN_UNUSED_VARIABLE = YES;
				IPHONEOS_DEPLOYMENT_TARGET = 11.4;
				MTL_ENABLE_DEBUG_INFO = YES;
				ONLY_ACTIVE_ARCH = YES;
				SDKROOT = iphoneos;
				SWIFT_ACTIVE_COMPILATION_CONDITIONS = DEBUG;
				SWIFT_OPTIMIZATION_LEVEL = "-Onone";
			};
			name = Debug;
		};
		7D0662DF212EBDE000AE090C /* Release */ = {
			isa = XCBuildConfiguration;
			buildSettings = {
				ALWAYS_SEARCH_USER_PATHS = NO;
				CLANG_ANALYZER_NONNULL = YES;
				CLANG_ANALYZER_NUMBER_OBJECT_CONVERSION = YES_AGGRESSIVE;
				CLANG_CXX_LANGUAGE_STANDARD = "gnu++14";
				CLANG_CXX_LIBRARY = "libc++";
				CLANG_ENABLE_MODULES = YES;
				CLANG_ENABLE_OBJC_ARC = YES;
				CLANG_ENABLE_OBJC_WEAK = YES;
				CLANG_WARN_BLOCK_CAPTURE_AUTORELEASING = YES;
				CLANG_WARN_BOOL_CONVERSION = YES;
				CLANG_WARN_COMMA = YES;
				CLANG_WARN_CONSTANT_CONVERSION = YES;
				CLANG_WARN_DEPRECATED_OBJC_IMPLEMENTATIONS = YES;
				CLANG_WARN_DIRECT_OBJC_ISA_USAGE = YES_ERROR;
				CLANG_WARN_DOCUMENTATION_COMMENTS = YES;
				CLANG_WARN_EMPTY_BODY = YES;
				CLANG_WARN_ENUM_CONVERSION = YES;
				CLANG_WARN_INFINITE_RECURSION = YES;
				CLANG_WARN_INT_CONVERSION = YES;
				CLANG_WARN_NON_LITERAL_NULL_CONVERSION = YES;
				CLANG_WARN_OBJC_IMPLICIT_RETAIN_SELF = YES;
				CLANG_WARN_OBJC_LITERAL_CONVERSION = YES;
				CLANG_WARN_OBJC_ROOT_CLASS = YES_ERROR;
				CLANG_WARN_RANGE_LOOP_ANALYSIS = YES;
				CLANG_WARN_STRICT_PROTOTYPES = YES;
				CLANG_WARN_SUSPICIOUS_MOVE = YES;
				CLANG_WARN_UNGUARDED_AVAILABILITY = YES_AGGRESSIVE;
				CLANG_WARN_UNREACHABLE_CODE = YES;
				CLANG_WARN__DUPLICATE_METHOD_MATCH = YES;
				CODE_SIGN_IDENTITY = "iPhone Developer";
				COPY_PHASE_STRIP = NO;
				DEBUG_INFORMATION_FORMAT = "dwarf-with-dsym";
				ENABLE_NS_ASSERTIONS = NO;
				ENABLE_STRICT_OBJC_MSGSEND = YES;
				GCC_C_LANGUAGE_STANDARD = gnu11;
				GCC_NO_COMMON_BLOCKS = YES;
				GCC_WARN_64_TO_32_BIT_CONVERSION = YES;
				GCC_WARN_ABOUT_RETURN_TYPE = YES_ERROR;
				GCC_WARN_UNDECLARED_SELECTOR = YES;
				GCC_WARN_UNINITIALIZED_AUTOS = YES_AGGRESSIVE;
				GCC_WARN_UNUSED_FUNCTION = YES;
				GCC_WARN_UNUSED_VARIABLE = YES;
				IPHONEOS_DEPLOYMENT_TARGET = 11.4;
				MTL_ENABLE_DEBUG_INFO = NO;
				SDKROOT = iphoneos;
				SWIFT_COMPILATION_MODE = wholemodule;
				SWIFT_OPTIMIZATION_LEVEL = "-O";
				VALIDATE_PRODUCT = YES;
			};
			name = Release;
		};
		7D0662E1212EBDE000AE090C /* Debug */ = {
			isa = XCBuildConfiguration;
			baseConfigurationReference = 6FD3EC7217DCFCAEF3B69782 /* Pods-MyApp.debug.xcconfig */;
			buildSettings = {
				ASSETCATALOG_COMPILER_APPICON_NAME = AppIcon;
				CODE_SIGN_STYLE = Automatic;
				DEVELOPMENT_TEAM = 92YCAF5JSG;
				INFOPLIST_FILE = MyApp/Info.plist;
				LD_RUNPATH_SEARCH_PATHS = (
					"$(inherited)",
					"@executable_path/Frameworks",
				);
				PRODUCT_BUNDLE_IDENTIFIER = OrgJvd.MyApp;
				PRODUCT_NAME = "$(TARGET_NAME)";
				SWIFT_VERSION = 4.0;
				TARGETED_DEVICE_FAMILY = "1,2";
			};
			name = Debug;
		};
		7D0662E2212EBDE000AE090C /* Release */ = {
			isa = XCBuildConfiguration;
			baseConfigurationReference = FA902B5636C3B36DD3449621 /* Pods-MyApp.release.xcconfig */;
			buildSettings = {
				ASSETCATALOG_COMPILER_APPICON_NAME = AppIcon;
				CODE_SIGN_STYLE = Automatic;
				DEVELOPMENT_TEAM = 92YCAF5JSG;
				INFOPLIST_FILE = MyApp/Info.plist;
				LD_RUNPATH_SEARCH_PATHS = (
					"$(inherited)",
					"@executable_path/Frameworks",
				);
				PRODUCT_BUNDLE_IDENTIFIER = OrgJvd.MyApp;
				PRODUCT_NAME = "$(TARGET_NAME)";
				SWIFT_VERSION = 4.0;
				TARGETED_DEVICE_FAMILY = "1,2";
			};
			name = Release;
		};
/* End XCBuildConfiguration section */

/* Begin XCConfigurationList section */
		7D0662C9212EBDDD00AE090C /* Build configuration list for PBXProject "MyApp" */ = {
			isa = XCConfigurationList;
			buildConfigurations = (
				7D0662DE212EBDE000AE090C /* Debug */,
				7D0662DF212EBDE000AE090C /* Release */,
			);
			defaultConfigurationIsVisible = 0;
			defaultConfigurationName = Release;
		};
		7D0662E0212EBDE000AE090C /* Build configuration list for PBXNativeTarget "MyApp" */ = {
			isa = XCConfigurationList;
			buildConfigurations = (
				7D0662E1212EBDE000AE090C /* Debug */,
				7D0662E2212EBDE000AE090C /* Release */,
			);
			defaultConfigurationIsVisible = 0;
			defaultConfigurationName = Release;
		};
/* End XCConfigurationList section */
	};
	rootObject = 7D0662C6212EBDDD00AE090C /* Project object */;
}
